{
  "name": "fifteenminutes",
  "version": "0.0.1",
  "lockfileVersion": 1,
  "requires": true,
  "dependencies": {
    "recordrtc": {
      "version": "5.5.4",
      "resolved": "https://registry.npmjs.org/recordrtc/-/recordrtc-5.5.4.tgz",
      "integrity": "sha512-V4Cs7HQuhRrvTkdYSvNEeeYnWoftKxXRjWLI8D2gLn5ECMPBZTcAQIoyM2xITxeSYxcQcabuamH3AW0ZqElLGg=="
    }
  }
}
